Microsoft Visual Studio Solution File, Format Version 12.00
# Visual Studio Version 17
VisualStudioVersion = 17.5.2.0
MinimumVisualStudioVersion = 10.0.40219.1
Project("{2150E333-8FDC-42A3-9474-1A3956D46DE8}") = "01-fundamentals", "01-fundamentals", "{14F17D2D-2CAA-19F0-18F2-09E7B217756B}"
EndProject
Project("{2150E333-8FDC-42A3-9474-1A3956D46DE8}") = "03-operadores-aritmeticos", "03-operadores-aritmeticos", "{5036B1C4-BE3A-D4F4-52CE-6B7649B6E74D}"
EndProject
Project("{FAE04EC0-301F-11D3-BF4B-00C04F79EFBC}") = "OperadoresAritmeticos", "01-fundamentals\03-operadores-aritmeticos\OperadoresAritmeticos\OperadoresAritmeticos.csproj", "{A7A8E501-F681-BC9C-7205-6E27B6DE344B}"
EndProject
Global
	GlobalSection(SolutionConfigurationPlatforms) = preSolution
		Debug|Any CPU = Debug|Any CPU
		Release|Any CPU = Release|Any CPU
	EndGlobalSection
	GlobalSection(ProjectConfigurationPlatforms) = postSolution
		{A7A8E501-F681-BC9C-7205-6E27B6DE344B}.Debug|Any CPU.ActiveCfg = Debug|Any CPU
		{A7A8E501-F681-BC9C-7205-6E27B6DE344B}.Debug|Any CPU.Build.0 = Debug|Any CPU
		{A7A8E501-F681-BC9C-7205-6E27B6DE344B}.Release|Any CPU.ActiveCfg = Release|Any CPU
		{A7A8E501-F681-BC9C-7205-6E27B6DE344B}.Release|Any CPU.Build.0 = Release|Any CPU
	EndGlobalSection
	GlobalSection(SolutionProperties) = preSolution
		HideSolutionNode = FALSE
	EndGlobalSection
	GlobalSection(NestedProjects) = preSolution
		{5036B1C4-BE3A-D4F4-52CE-6B7649B6E74D} = {14F17D2D-2CAA-19F0-18F2-09E7B217756B}
		{A7A8E501-F681-BC9C-7205-6E27B6DE344B} = {5036B1C4-BE3A-D4F4-52CE-6B7649B6E74D}
	EndGlobalSection
	GlobalSection(ExtensibilityGlobals) = postSolution
		SolutionGuid = {6E8AA5CD-EE48-4F75-A445-B5EF60410248}
	EndGlobalSection
EndGlobal
